
Microsoft Visual Studio Solution File, Format Version 12.00
# Visual Studio 15
VisualStudioVersion = 15.0.28307.960
MinimumVisualStudioVersion = 10.0.40219.1
Project("{FAE04EC0-301F-11D3-BF4B-00C04F79EFBC}") = "ProdutosBackend", "ProdutosBackend\ProdutosBackend.csproj", "{B799ADD5-523B-4498-AFEA-A9445E4076BE}"
EndProject
Global
	GlobalSection(SolutionConfigurationPlatforms) = preSolution
		Debug|Any CPU = Debug|Any CPU
		Release|Any CPU = Release|Any CPU
	EndGlobalSection
	GlobalSection(ProjectConfigurationPlatforms) = postSolution
		{B799ADD5-523B-4498-AFEA-A9445E4076BE}.Debug|Any CPU.ActiveCfg = Debug|Any CPU
		{B799ADD5-523B-4498-AFEA-A9445E4076BE}.Debug|Any CPU.Build.0 = Debug|Any CPU
		{B799ADD5-523B-4498-AFEA-A9445E4076BE}.Release|Any CPU.ActiveCfg = Release|Any CPU
		{B799ADD5-523B-4498-AFEA-A9445E4076BE}.Release|Any CPU.Build.0 = Release|Any CPU
	EndGlobalSection
	GlobalSection(SolutionProperties) = preSolution
		HideSolutionNode = FALSE
	EndGlobalSection
	GlobalSection(ExtensibilityGlobals) = postSolution
		SolutionGuid = {9F7ABE4A-7FD2-4D1A-A3F9-94B1F8924564}
	EndGlobalSection
EndGlobal
